
Microsoft Visual Studio Solution File, Format Version 12.00
# Visual Studio Version 16
VisualStudioVersion = 16.0.31729.503
MinimumVisualStudioVersion = 10.0.40219.1
Project("{9A19103F-16F7-4668-BE54-9A1E7A4F7556}") = "BitCounting", "BitCounting.csproj", "{9B61139B-5D0F-4896-B42A-C7AD50630FCE}"
EndProject
Project("{9A19103F-16F7-4668-BE54-9A1E7A4F7556}") = "Disemvowel Trolls", "..\Disemvowel Trolls\Disemvowel Trolls.csproj", "{EEF64759-8941-45D4-91F0-D5DAA9868847}"
EndProject
Project("{9A19103F-16F7-4668-BE54-9A1E7A4F7556}") = "Find the divisors!", "..\Find the divisors!\Find the divisors!.csproj", "{3168CA20-8E16-4E61-982F-EDB4B63523F1}"
EndProject
Project("{9A19103F-16F7-4668-BE54-9A1E7A4F7556}") = "Vasya - Clerk", "..\Vasya - Clerk\Vasya - Clerk.csproj", "{B4150FC9-6822-45D9-94FE-EF84AD131368}"
EndProject
Project("{9A19103F-16F7-4668-BE54-9A1E7A4F7556}") = "ClashOfCodes", "..\ClashOfCodes\ClashOfCodes.csproj", "{E80B2C37-E4A7-48FC-B93B-833E646B8675}"
EndProject
Project("{9A19103F-16F7-4668-BE54-9A1E7A4F7556}") = "RGB To Hex Conversion", "..\RGB To Hex Conversion\RGB To Hex Conversion.csproj", "{8180BC57-5BF7-43FE-A8CB-BB01BE965928}"
EndProject
Project("{FAE04EC0-301F-11D3-BF4B-00C04F79EFBC}") = "test", "..\test\test.csproj", "{667DC4E2-FCB0-439B-930F-0B5016B73EF5}"
EndProject
Global
	GlobalSection(SolutionConfigurationPlatforms) = preSolution
		Debug|Any CPU = Debug|Any CPU
		Release|Any CPU = Release|Any CPU
	EndGlobalSection
	GlobalSection(ProjectConfigurationPlatforms) = postSolution
		{9B61139B-5D0F-4896-B42A-C7AD50630FCE}.Debug|Any CPU.ActiveCfg = Debug|Any CPU
		{9B61139B-5D0F-4896-B42A-C7AD50630FCE}.Debug|Any CPU.Build.0 = Debug|Any CPU
		{9B61139B-5D0F-4896-B42A-C7AD50630FCE}.Release|Any CPU.ActiveCfg = Release|Any CPU
		{9B61139B-5D0F-4896-B42A-C7AD50630FCE}.Release|Any CPU.Build.0 = Release|Any CPU
		{EEF64759-8941-45D4-91F0-D5DAA9868847}.Debug|Any CPU.ActiveCfg = Debug|Any CPU
		{EEF64759-8941-45D4-91F0-D5DAA9868847}.Debug|Any CPU.Build.0 = Debug|Any CPU
		{EEF64759-8941-45D4-91F0-D5DAA9868847}.Release|Any CPU.ActiveCfg = Release|Any CPU
		{EEF64759-8941-45D4-91F0-D5DAA9868847}.Release|Any CPU.Build.0 = Release|Any CPU
		{3168CA20-8E16-4E61-982F-EDB4B63523F1}.Debug|Any CPU.ActiveCfg = Debug|Any CPU
		{3168CA20-8E16-4E61-982F-EDB4B63523F1}.Debug|Any CPU.Build.0 = Debug|Any CPU
		{3168CA20-8E16-4E61-982F-EDB4B63523F1}.Release|Any CPU.ActiveCfg = Release|Any CPU
		{3168CA20-8E16-4E61-982F-EDB4B63523F1}.Release|Any CPU.Build.0 = Release|Any CPU
		{B4150FC9-6822-45D9-94FE-EF84AD131368}.Debug|Any CPU.ActiveCfg = Debug|Any CPU
		{B4150FC9-6822-45D9-94FE-EF84AD131368}.Debug|Any CPU.Build.0 = Debug|Any CPU
		{B4150FC9-6822-45D9-94FE-EF84AD131368}.Release|Any CPU.ActiveCfg = Release|Any CPU
		{B4150FC9-6822-45D9-94FE-EF84AD131368}.Release|Any CPU.Build.0 = Release|Any CPU
		{E80B2C37-E4A7-48FC-B93B-833E646B8675}.Debug|Any CPU.ActiveCfg = Debug|Any CPU
		{E80B2C37-E4A7-48FC-B93B-833E646B8675}.Debug|Any CPU.Build.0 = Debug|Any CPU
		{E80B2C37-E4A7-48FC-B93B-833E646B8675}.Release|Any CPU.ActiveCfg = Release|Any CPU
		{E80B2C37-E4A7-48FC-B93B-833E646B8675}.Release|Any CPU.Build.0 = Release|Any CPU
		{8180BC57-5BF7-43FE-A8CB-BB01BE965928}.Debug|Any CPU.ActiveCfg = Debug|Any CPU
		{8180BC57-5BF7-43FE-A8CB-BB01BE965928}.Debug|Any CPU.Build.0 = Debug|Any CPU
		{8180BC57-5BF7-43FE-A8CB-BB01BE965928}.Release|Any CPU.ActiveCfg = Release|Any CPU
		{8180BC57-5BF7-43FE-A8CB-BB01BE965928}.Release|Any CPU.Build.0 = Release|Any CPU
		{667DC4E2-FCB0-439B-930F-0B5016B73EF5}.Debug|Any CPU.ActiveCfg = Debug|Any CPU
		{667DC4E2-FCB0-439B-930F-0B5016B73EF5}.Debug|Any CPU.Build.0 = Debug|Any CPU
		{667DC4E2-FCB0-439B-930F-0B5016B73EF5}.Release|Any CPU.ActiveCfg = Release|Any CPU
		{667DC4E2-FCB0-439B-930F-0B5016B73EF5}.Release|Any CPU.Build.0 = Release|Any CPU
	EndGlobalSection
	GlobalSection(SolutionProperties) = preSolution
		HideSolutionNode = FALSE
	EndGlobalSection
	GlobalSection(ExtensibilityGlobals) = postSolution
		SolutionGuid = {8D8AD853-DD5A-451E-911A-75451214CBCE}
	EndGlobalSection
EndGlobal
